
Microsoft Visual Studio Solution File, Format Version 12.00
# Visual Studio Version 17
VisualStudioVersion = 17.3.32929.385
MinimumVisualStudioVersion = 10.0.40219.1
Project("{FAE04EC0-301F-11D3-BF4B-00C04F79EFBC}") = "gyumolcsok", "gyumolcsok\gyumolcsok.csproj", "{59208F8C-CDE6-4F57-B637-16FC254568E3}"
EndProject
Global
	GlobalSection(SolutionConfigurationPlatforms) = preSolution
		Debug|Any CPU = Debug|Any CPU
		Release|Any CPU = Release|Any CPU
	EndGlobalSection
	GlobalSection(ProjectConfigurationPlatforms) = postSolution
		{59208F8C-CDE6-4F57-B637-16FC254568E3}.Debug|Any CPU.ActiveCfg = Debug|Any CPU
		{59208F8C-CDE6-4F57-B637-16FC254568E3}.Debug|Any CPU.Build.0 = Debug|Any CPU
		{59208F8C-CDE6-4F57-B637-16FC254568E3}.Release|Any CPU.ActiveCfg = Release|Any CPU
		{59208F8C-CDE6-4F57-B637-16FC254568E3}.Release|Any CPU.Build.0 = Release|Any CPU
	EndGlobalSection
	GlobalSection(SolutionProperties) = preSolution
		HideSolutionNode = FALSE
	EndGlobalSection
	GlobalSection(ExtensibilityGlobals) = postSolution
		SolutionGuid = {D4B69436-D7AD-4458-AF80-54381CB1E388}
	EndGlobalSection
EndGlobal
